[[package]]
category = "main"
description = "Radically simple IT automation"
name = "ansible"
optional = false
python-versions = ">=2.7,!=3.0.*,!=3.1.*,!=3.2.*,!=3.3.*,!=3.4.*"
version = "2.9.7"

[metadata]
content-hash = "eafd495ca25818101fe8470279a57f3c6bfeb26fb7452a94dd9ad5078bcf1a1c"
python-versions = "^3.8"

[metadata.files]
ansible = [
    {file = "ansible-2.9.7.tar.gz", hash = "sha256:7222ce925536a25b2912364e13b03a3e21dbf2f96799ebff304f48509324de7b"},
]
